
Microsoft Visual Studio Solution File, Format Version 12.00
# Visual Studio 15
VisualStudioVersion = 15.0.28307.960
MinimumVisualStudioVersion = 10.0.40219.1
Project("{FAE04EC0-301F-11D3-BF4B-00C04F79EFBC}") = "Aula03-Operadores", "Aula03-Operadores\Aula03-Operadores.csproj", "{C5B73CA9-6BB0-4CDF-9BA8-9E589BD0D8F6}"
EndProject
Global
	GlobalSection(SolutionConfigurationPlatforms) = preSolution
		Debug|Any CPU = Debug|Any CPU
		Release|Any CPU = Release|Any CPU
	EndGlobalSection
	GlobalSection(ProjectConfigurationPlatforms) = postSolution
		{C5B73CA9-6BB0-4CDF-9BA8-9E589BD0D8F6}.Debug|Any CPU.ActiveCfg = Debug|Any CPU
		{C5B73CA9-6BB0-4CDF-9BA8-9E589BD0D8F6}.Debug|Any CPU.Build.0 = Debug|Any CPU
		{C5B73CA9-6BB0-4CDF-9BA8-9E589BD0D8F6}.Release|Any CPU.ActiveCfg = Release|Any CPU
		{C5B73CA9-6BB0-4CDF-9BA8-9E589BD0D8F6}.Release|Any CPU.Build.0 = Release|Any CPU
	EndGlobalSection
	GlobalSection(SolutionProperties) = preSolution
		HideSolutionNode = FALSE
	EndGlobalSection
	GlobalSection(ExtensibilityGlobals) = postSolution
		SolutionGuid = {6D425AB7-1DB8-4D4D-A2C0-221B85E8E4D8}
	EndGlobalSection
EndGlobal
