
Microsoft Visual Studio Solution File, Format Version 12.00
# Visual Studio 15
VisualStudioVersion = 15.0.28307.960
MinimumVisualStudioVersion = 10.0.40219.1
Project("{FAE04EC0-301F-11D3-BF4B-00C04F79EFBC}") = "01-Estrutura de Decisao", "01-Estrutura de Decisao\01-Estrutura de Decisao.csproj", "{0BEA6025-DEFE-4CC0-96AD-DCF87C3AB34E}"
EndProject
Global
	GlobalSection(SolutionConfigurationPlatforms) = preSolution
		Debug|Any CPU = Debug|Any CPU
		Release|Any CPU = Release|Any CPU
	EndGlobalSection
	GlobalSection(ProjectConfigurationPlatforms) = postSolution
		{0BEA6025-DEFE-4CC0-96AD-DCF87C3AB34E}.Debug|Any CPU.ActiveCfg = Debug|Any CPU
		{0BEA6025-DEFE-4CC0-96AD-DCF87C3AB34E}.Debug|Any CPU.Build.0 = Debug|Any CPU
		{0BEA6025-DEFE-4CC0-96AD-DCF87C3AB34E}.Release|Any CPU.ActiveCfg = Release|Any CPU
		{0BEA6025-DEFE-4CC0-96AD-DCF87C3AB34E}.Release|Any CPU.Build.0 = Release|Any CPU
	EndGlobalSection
	GlobalSection(SolutionProperties) = preSolution
		HideSolutionNode = FALSE
	EndGlobalSection
	GlobalSection(ExtensibilityGlobals) = postSolution
		SolutionGuid = {C8878C26-6596-4643-8DDA-8B0C81C8A200}
	EndGlobalSection
EndGlobal
